
Microsoft Visual Studio Solution File, Format Version 12.00
# Visual Studio Version 17
VisualStudioVersion = 17.11.35312.102
MinimumVisualStudioVersion = 10.0.40219.1
Project("{FAE04EC0-301F-11D3-BF4B-00C04F79EFBC}") = "ShapiroProject3", "ShapiroProject3\ShapiroProject3.csproj", "{08F0C86D-5163-40B8-B59D-F99F0FBE28A6}"
EndProject
Global
	GlobalSection(SolutionConfigurationPlatforms) = preSolution
		Debug|Any CPU = Debug|Any CPU
		Release|Any CPU = Release|Any CPU
	EndGlobalSection
	GlobalSection(ProjectConfigurationPlatforms) = postSolution
		{08F0C86D-5163-40B8-B59D-F99F0FBE28A6}.Debug|Any CPU.ActiveCfg = Debug|Any CPU
		{08F0C86D-5163-40B8-B59D-F99F0FBE28A6}.Debug|Any CPU.Build.0 = Debug|Any CPU
		{08F0C86D-5163-40B8-B59D-F99F0FBE28A6}.Release|Any CPU.ActiveCfg = Release|Any CPU
		{08F0C86D-5163-40B8-B59D-F99F0FBE28A6}.Release|Any CPU.Build.0 = Release|Any CPU
	EndGlobalSection
	GlobalSection(SolutionProperties) = preSolution
		HideSolutionNode = FALSE
	EndGlobalSection
	GlobalSection(ExtensibilityGlobals) = postSolution
		SolutionGuid = {133D8E6E-870B-4E8A-90A3-CEC475A49C81}
	EndGlobalSection
EndGlobal
